PODS:
  - Flutter (1.0.0)
  - RxCocoa (4.0.0):
    - RxSwift (~> 4.0)
  - RxSwift (4.0.0)
  - Toast-Swift (3.0.1)
  - Toaster (2.1.1)
  - zxing (0.0.1):
    - Flutter
    - RxCocoa
    - RxSwift
    - Toast-Swift
    - Toaster

DEPENDENCIES:
  - Flutter (from `Pods/.symlinks/flutter/ios`)
  - zxing (from `Pods/.symlinks/plugins/zxing/ios`)

SPEC REPOS:
  https://github.com/cocoapods/specs.git:
    - RxCocoa
    - RxSwift
    - Toast-Swift
    - Toaster

EXTERNAL SOURCES:
  Flutter:
    :path: Pods/.symlinks/flutter/ios
  zxing:
    :path: Pods/.symlinks/plugins/zxing/ios

SPEC CHECKSUMS:
  Flutter: 9d0fac939486c9aba2809b7982dfdbb47a7b0296
  RxCocoa: d62846ca96495d862fa4c59ea7d87e5031d7340e
  RxSwift: fd680d75283beb5e2559486f3c0ff852f0d35334
  Toast-Swift: ba0b01b095aada709d915f9beb1d38184a2721c3
  Toaster: a6c9532de1ded8105e77376f7dffeb2e12b46dbb
  zxing: 93d99b2b5391629c109170f632830262a7b7474e

PODFILE CHECKSUM: 43d6ebab141c6a41e2cad9c357dff3309f96f130

COCOAPODS: 1.5.3
